
Microsoft Visual Studio Solution File, Format Version 12.00
# Visual Studio Version 17
VisualStudioVersion = 17.10.35122.118
MinimumVisualStudioVersion = 10.0.40219.1
Project("{FAE04EC0-301F-11D3-BF4B-00C04F79EFBC}") = "YoutubeAPI", "YoutubeAPI\YoutubeAPI.csproj", "{2479D951-70F3-488C-9C0A-47C56051D60D}"
EndProject
Global
	GlobalSection(SolutionConfigurationPlatforms) = preSolution
		Debug|Any CPU = Debug|Any CPU
		Release|Any CPU = Release|Any CPU
	EndGlobalSection
	GlobalSection(ProjectConfigurationPlatforms) = postSolution
		{2479D951-70F3-488C-9C0A-47C56051D60D}.Debug|Any CPU.ActiveCfg = Debug|Any CPU
		{2479D951-70F3-488C-9C0A-47C56051D60D}.Debug|Any CPU.Build.0 = Debug|Any CPU
		{2479D951-70F3-488C-9C0A-47C56051D60D}.Release|Any CPU.ActiveCfg = Release|Any CPU
		{2479D951-70F3-488C-9C0A-47C56051D60D}.Release|Any CPU.Build.0 = Release|Any CPU
	EndGlobalSection
	GlobalSection(SolutionProperties) = preSolution
		HideSolutionNode = FALSE
	EndGlobalSection
	GlobalSection(ExtensibilityGlobals) = postSolution
		SolutionGuid = {08585033-E4AF-4434-92D1-F0C6F2CA8900}
	EndGlobalSection
EndGlobal
